
Microsoft Visual Studio Solution File, Format Version 12.00
# Visual Studio Version 17
VisualStudioVersion = 17.1.32319.34
MinimumVisualStudioVersion = 10.0.40219.1
Project("{FAE04EC0-301F-11D3-BF4B-00C04F79EFBC}") = "modulo00011", "modulo00011\modulo00011.csproj", "{E6F62F62-ADD6-425E-990D-66F7FB44F9E4}"
EndProject
Global
	GlobalSection(SolutionConfigurationPlatforms) = preSolution
		Debug|Any CPU = Debug|Any CPU
		Release|Any CPU = Release|Any CPU
	EndGlobalSection
	GlobalSection(ProjectConfigurationPlatforms) = postSolution
		{E6F62F62-ADD6-425E-990D-66F7FB44F9E4}.Debug|Any CPU.ActiveCfg = Debug|Any CPU
		{E6F62F62-ADD6-425E-990D-66F7FB44F9E4}.Debug|Any CPU.Build.0 = Debug|Any CPU
		{E6F62F62-ADD6-425E-990D-66F7FB44F9E4}.Release|Any CPU.ActiveCfg = Release|Any CPU
		{E6F62F62-ADD6-425E-990D-66F7FB44F9E4}.Release|Any CPU.Build.0 = Release|Any CPU
	EndGlobalSection
	GlobalSection(SolutionProperties) = preSolution
		HideSolutionNode = FALSE
	EndGlobalSection
	GlobalSection(ExtensibilityGlobals) = postSolution
		SolutionGuid = {0A988025-69E2-433B-B895-7040B64DE64E}
	EndGlobalSection
EndGlobal
