
Microsoft Visual Studio Solution File, Format Version 12.00
# Visual Studio Version 17
VisualStudioVersion = 17.1.32319.34
MinimumVisualStudioVersion = 10.0.40219.1
Project("{FAE04EC0-301F-11D3-BF4B-00C04F79EFBC}") = "Practica", "Practica\Practica.csproj", "{40718E66-0668-4312-A379-B615AD661620}"
EndProject
Global
	GlobalSection(SolutionConfigurationPlatforms) = preSolution
		Debug|Any CPU = Debug|Any CPU
		Release|Any CPU = Release|Any CPU
	EndGlobalSection
	GlobalSection(ProjectConfigurationPlatforms) = postSolution
		{40718E66-0668-4312-A379-B615AD661620}.Debug|Any CPU.ActiveCfg = Debug|Any CPU
		{40718E66-0668-4312-A379-B615AD661620}.Debug|Any CPU.Build.0 = Debug|Any CPU
		{40718E66-0668-4312-A379-B615AD661620}.Release|Any CPU.ActiveCfg = Release|Any CPU
		{40718E66-0668-4312-A379-B615AD661620}.Release|Any CPU.Build.0 = Release|Any CPU
	EndGlobalSection
	GlobalSection(SolutionProperties) = preSolution
		HideSolutionNode = FALSE
	EndGlobalSection
	GlobalSection(ExtensibilityGlobals) = postSolution
		SolutionGuid = {0E4E56EB-03D3-4FF0-9393-E85CEA257A2C}
	EndGlobalSection
EndGlobal
